
Microsoft Visual Studio Solution File, Format Version 12.00
# Visual Studio Version 17
VisualStudioVersion = 17.4.33110.190
MinimumVisualStudioVersion = 10.0.40219.1
Project("{9A19103F-16F7-4668-BE54-9A1E7A4F7556}") = "WebApiRestNetCore", "WebApiRestNetCore\WebApiRestNetCore.csproj", "{B09CF50A-280B-4A0F-9750-5AA1B1A951EC}"
EndProject
Global
	GlobalSection(SolutionConfigurationPlatforms) = preSolution
		Debug|Any CPU = Debug|Any CPU
		Release|Any CPU = Release|Any CPU
	EndGlobalSection
	GlobalSection(ProjectConfigurationPlatforms) = postSolution
		{B09CF50A-280B-4A0F-9750-5AA1B1A951EC}.Debug|Any CPU.ActiveCfg = Debug|Any CPU
		{B09CF50A-280B-4A0F-9750-5AA1B1A951EC}.Debug|Any CPU.Build.0 = Debug|Any CPU
		{B09CF50A-280B-4A0F-9750-5AA1B1A951EC}.Release|Any CPU.ActiveCfg = Release|Any CPU
		{B09CF50A-280B-4A0F-9750-5AA1B1A951EC}.Release|Any CPU.Build.0 = Release|Any CPU
	EndGlobalSection
	GlobalSection(SolutionProperties) = preSolution
		HideSolutionNode = FALSE
	EndGlobalSection
	GlobalSection(ExtensibilityGlobals) = postSolution
		SolutionGuid = {B2B310E5-67BE-4DCA-83BB-4D9AB0C78123}
	EndGlobalSection
EndGlobal
